# This file is @generated by PDM.
# It is not intended for manual editing.

[metadata]
groups = ["default"]
strategy = ["inherit_metadata"]
lock_version = "4.5.0"
content_hash = "sha256:eb00b48c45c5f7941ac5803ba781b507fc6734ce33570120b86fc20b854de1ae"

[[metadata.targets]]
requires_python = "==3.13.*"

[[package]]
name = "certifi"
version = "2025.8.3"
requires_python = ">=3.7"
summary = "Python package for providing Mozilla's CA Bundle."
groups = ["default"]
files = [
    {file = "certifi-2025.8.3-py3-none-any.whl", hash = "sha256:f6c12493cfb1b06ba2ff328595af9350c65d6644968e5d3a2ffd78699af217a5"},
    {file = "certifi-2025.8.3.tar.gz", hash = "sha256:e564105f78ded564e3ae7c923924435e1daa7463faeab5bb932bc53ffae63407"},
]

[[package]]
name = "charset-normalizer"
version = "3.4.3"
requires_python = ">=3.7"
summary = "The Real First Universal Charset Detector. Open, modern and actively maintained alternative to Chardet."
groups = ["default"]
files = [
    {file = "charset_normalizer-3.4.3-cp313-cp313-macosx_10_13_universal2.whl", hash = "sha256:14c2a87c65b351109f6abfc424cab3927b3bdece6f706e4d12faaf3d52ee5efe"},
    {file = "charset_normalizer-3.4.3-cp313-cp313-manylinux2014_aarch64.manylinux_2_17_aarch64.manylinux_2_28_aarch64.whl", hash = "sha256:41d1fc408ff5fdfb910200ec0e74abc40387bccb3252f3f27c0676731df2b2c8"},
    {file = "charset_normalizer-3.4.3-cp313-cp313-manylinux2014_ppc64le.manylinux_2_17_ppc64le.manylinux_2_28_ppc64le.whl", hash = "sha256:1bb60174149316da1c35fa5233681f7c0f9f514509b8e399ab70fea5f17e45c9"},
    {file = "charset_normalizer-3.4.3-cp313-cp313-manylinux2014_s390x.manylinux_2_17_s390x.manylinux_2_28_s390x.whl", hash = "sha256:30d006f98569de3459c2fc1f2acde170b7b2bd265dc1943e87e1a4efe1b67c31"},
    {file = "charset_normalizer-3.4.3-cp313-cp313-manylinux2014_x86_64.manylinux_2_17_x86_64.manylinux_2_28_x86_64.whl", hash = "sha256:416175faf02e4b0810f1f38bcb54682878a4af94059a1cd63b8747244420801f"},
    {file = "charset_normalizer-3.4.3-cp313-cp313-musllinux_1_2_aarch64.whl", hash = "sha256:6aab0f181c486f973bc7262a97f5aca3ee7e1437011ef0c2ec04b5a11d16c927"},
    {file = "charset_normalizer-3.4.3-cp313-cp313-musllinux_1_2_ppc64le.whl", hash = "sha256:fdabf8315679312cfa71302f9bd509ded4f2f263fb5b765cf1433b39106c3cc9"},
    {file = "charset_normalizer-3.4.3-cp313-cp313-musllinux_1_2_s390x.whl", hash = "sha256:bd28b817ea8c70215401f657edef3a8aa83c29d447fb0b622c35403780ba11d5"},
    {file = "charset_normalizer-3.4.3-cp313-cp313-musllinux_1_2_x86_64.whl", hash = "sha256:18343b2d246dc6761a249ba1fb13f9ee9a2bcd95decc767319506056ea4ad4dc"},
    {file = "charset_normalizer-3.4.3-cp313-cp313-win32.whl", hash = "sha256:6fb70de56f1859a3f71261cbe41005f56a7842cc348d3aeb26237560bfa5e0ce"},
    {file = "charset_normalizer-3.4.3-cp313-cp313-win_amd64.whl", hash = "sha256:cf1ebb7d78e1ad8ec2a8c4732c7be2e736f6e5123a4146c5b89c9d1f585f8cef"},
    {file = "charset_normalizer-3.4.3-py3-none-any.whl", hash = "sha256:ce571ab16d890d23b5c278547ba694193a45011ff86a9162a71307ed9f86759a"},
    {file = "charset_normalizer-3.4.3.tar.gz", hash = "sha256:6fce4b8500244f6fcb71465d4a4930d132ba9ab8e71a7859e6a5d59851068d14"},
]

[[package]]
name = "idna"
version = "3.10"
requires_python = ">=3.6"
summary = "Internationalized Domain Names in Applications (IDNA)"
groups = ["default"]
files = [
    {file = "idna-3.10-py3-none-any.whl", hash = "sha256:946d195a0d259cbba61165e88e65941f16e9b36ea6ddb97f00452bae8b1287d3"},
    {file = "idna-3.10.tar.gz", hash = "sha256:12f65c9b470abda6dc35cf8e63cc574b1c52b11df2c86030af0ac09b01b13ea9"},
]

[[package]]
name = "polars"
version = "1.32.2"
requires_python = ">=3.9"
summary = "Blazingly fast DataFrame library"
groups = ["default"]
files = [
    {file = "polars-1.32.2-cp39-abi3-macosx_10_12_x86_64.whl", hash = "sha256:f21da6a5210898ec800b7e9e667fb53eb9161b7ceb812ee6555ff5661a00e517"},
    {file = "polars-1.32.2-cp39-abi3-macosx_11_0_arm64.whl", hash = "sha256:d3f4e061312ef6c2a907378ce407a6132734fe1a13f261a1984a1a9ca2f6febc"},
    {file = "polars-1.32.2-cp39-abi3-manylinux_2_17_x86_64.manylinux2014_x86_64.whl", hash = "sha256:a711a750cfc19f1f883d2b46895dd698abf4d446ca41c3bf510ced0ff1178057"},
    {file = "polars-1.32.2-cp39-abi3-manylinux_2_24_aarch64.whl", hash = "sha256:d1c53a828eedc215fb0dabc7cef02c6f4ad042157512ddb99840fd42b8da1e8a"},
    {file = "polars-1.32.2-cp39-abi3-win_amd64.whl", hash = "sha256:5e1660a584e89e1d60cd89984feca38a695e491a966581fefe8be99c230ea154"},
    {file = "polars-1.32.2-cp39-abi3-win_arm64.whl", hash = "sha256:cd390364f6f3927474bd0aed255103195b9d2b3eef0f0c5bb429db5e6311615e"},
    {file = "polars-1.32.2.tar.gz", hash = "sha256:b4c5cefc7cf7a2461f8800cf2c09976c47cb1fd959c6ef3024d5618b497f05d3"},
]

[[package]]
name = "requests"
version = "2.32.4"
requires_python = ">=3.8"
summary = "Python HTTP for Humans."
groups = ["default"]
dependencies = [
    "certifi>=2017.4.17",
    "charset-normalizer<4,>=2",
    "idna<4,>=2.5",
    "urllib3<3,>=1.21.1",
]
files = [
    {file = "requests-2.32.4-py3-none-any.whl", hash = "sha256:27babd3cda2a6d50b30443204ee89830707d396671944c998b5975b031ac2b2c"},
    {file = "requests-2.32.4.tar.gz", hash = "sha256:27d0316682c8a29834d3264820024b62a36942083d52caf2f14c0591336d3422"},
]

[[package]]
name = "urllib3"
version = "2.5.0"
requires_python = ">=3.9"
summary = "HTTP library with thread-safe connection pooling, file post, and more."
groups = ["default"]
files = [
    {file = "urllib3-2.5.0-py3-none-any.whl", hash = "sha256:e6b01673c0fa6a13e374b50871808eb3bf7046c4b125b216f6bf1cc604cff0dc"},
    {file = "urllib3-2.5.0.tar.gz", hash = "sha256:3fc47733c7e419d4bc3f6b3dc2b4f890bb743906a30d56ba4a5bfa4bbff92760"},
]
